
Microsoft Visual Studio Solution File, Format Version 12.00
# Visual Studio Version 16
VisualStudioVersion = 16.0.30517.126
MinimumVisualStudioVersion = 10.0.40219.1
Project("{FAE04EC0-301F-11D3-BF4B-00C04F79EFBC}") = "WpfMVVMProject", "WpfMVVMProject\WpfMVVMProject.csproj", "{451D2817-E79D-41F9-815B-D4D0157A33FC}"
EndProject
Global
	GlobalSection(SolutionConfigurationPlatforms) = preSolution
		Debug|Any CPU = Debug|Any CPU
		Release|Any CPU = Release|Any CPU
	EndGlobalSection
	GlobalSection(ProjectConfigurationPlatforms) = postSolution
		{451D2817-E79D-41F9-815B-D4D0157A33FC}.Debug|Any CPU.ActiveCfg = Debug|Any CPU
		{451D2817-E79D-41F9-815B-D4D0157A33FC}.Debug|Any CPU.Build.0 = Debug|Any CPU
		{451D2817-E79D-41F9-815B-D4D0157A33FC}.Release|Any CPU.ActiveCfg = Release|Any CPU
		{451D2817-E79D-41F9-815B-D4D0157A33FC}.Release|Any CPU.Build.0 = Release|Any CPU
	EndGlobalSection
	GlobalSection(SolutionProperties) = preSolution
		HideSolutionNode = FALSE
	EndGlobalSection
	GlobalSection(ExtensibilityGlobals) = postSolution
		SolutionGuid = {98B18404-D16D-44AF-BBC7-C93F76BBAA7F}
	EndGlobalSection
EndGlobal
